
Microsoft Visual Studio Solution File, Format Version 12.00
# Visual Studio Version 17
VisualStudioVersion = 17.13.35913.81 d17.13
MinimumVisualStudioVersion = 10.0.40219.1
Project("{FAE04EC0-301F-11D3-BF4B-00C04F79EFBC}") = "backend", "backend.csproj", "{DFB9262D-9650-4810-8E79-4EFD3CB5E67A}"
EndProject
Global
	GlobalSection(SolutionConfigurationPlatforms) = preSolution
		Debug|Any CPU = Debug|Any CPU
		Release|Any CPU = Release|Any CPU
	EndGlobalSection
	GlobalSection(ProjectConfigurationPlatforms) = postSolution
		{DFB9262D-9650-4810-8E79-4EFD3CB5E67A}.Debug|Any CPU.ActiveCfg = Debug|Any CPU
		{DFB9262D-9650-4810-8E79-4EFD3CB5E67A}.Debug|Any CPU.Build.0 = Debug|Any CPU
		{DFB9262D-9650-4810-8E79-4EFD3CB5E67A}.Release|Any CPU.ActiveCfg = Release|Any CPU
		{DFB9262D-9650-4810-8E79-4EFD3CB5E67A}.Release|Any CPU.Build.0 = Release|Any CPU
	EndGlobalSection
	GlobalSection(SolutionProperties) = preSolution
		HideSolutionNode = FALSE
	EndGlobalSection
	GlobalSection(ExtensibilityGlobals) = postSolution
		SolutionGuid = {73031FB8-7780-41F2-98DF-73FC6AF6C233}
	EndGlobalSection
EndGlobal
